
Microsoft Visual Studio Solution File, Format Version 12.00
# Visual Studio Version 17
VisualStudioVersion = 17.9.34407.89
MinimumVisualStudioVersion = 10.0.40219.1
Project("{FAE04EC0-301F-11D3-BF4B-00C04F79EFBC}") = "MyCountsTest", "MyCountsTest\MyCountsTest.csproj", "{BDA03CD0-7493-4622-865A-6415D63665EE}"
EndProject
Global
	GlobalSection(SolutionConfigurationPlatforms) = preSolution
		Debug|Any CPU = Debug|Any CPU
		Release|Any CPU = Release|Any CPU
	EndGlobalSection
	GlobalSection(ProjectConfigurationPlatforms) = postSolution
		{BDA03CD0-7493-4622-865A-6415D63665EE}.Debug|Any CPU.ActiveCfg = Debug|Any CPU
		{BDA03CD0-7493-4622-865A-6415D63665EE}.Debug|Any CPU.Build.0 = Debug|Any CPU
		{BDA03CD0-7493-4622-865A-6415D63665EE}.Release|Any CPU.ActiveCfg = Release|Any CPU
		{BDA03CD0-7493-4622-865A-6415D63665EE}.Release|Any CPU.Build.0 = Release|Any CPU
	EndGlobalSection
	GlobalSection(SolutionProperties) = preSolution
		HideSolutionNode = FALSE
	EndGlobalSection
	GlobalSection(ExtensibilityGlobals) = postSolution
		SolutionGuid = {B17007DF-6626-499D-B230-D9172BA343F0}
	EndGlobalSection
EndGlobal
